Microsoft Visual Studio Solution File, Format Version 12.00
# Visual Studio Version 17
VisualStudioVersion = 17.5.2.0
MinimumVisualStudioVersion = 10.0.40219.1
Project("{FAE04EC0-301F-11D3-BF4B-00C04F79EFBC}") = "Microsoft.CmdPal.Common", "Microsoft.CmdPal.Common\Microsoft.CmdPal.Common.csproj", "{5820CD8D-0CE4-F879-4721-CC3C3DE5C3BB}"
EndProject
Project("{FAE04EC0-301F-11D3-BF4B-00C04F79EFBC}") = "Microsoft.CmdPal.UI", "Microsoft.CmdPal.UI\Microsoft.CmdPal.UI.csproj", "{3CB20AB0-EC0B-8EBE-E0C4-720D213E617C}"
EndProject
Project("{FAE04EC0-301F-11D3-BF4B-00C04F79EFBC}") = "Microsoft.CmdPal.UI.ViewModels", "Microsoft.CmdPal.UI.ViewModels\Microsoft.CmdPal.UI.ViewModels.csproj", "{C319C8C7-A52F-3EC6-2116-A1DDD519E523}"
EndProject
Project("{FAE04EC0-301F-11D3-BF4B-00C04F79EFBC}") = "Microsoft.CmdPal.UI.Poc", "WindowsCommandPalette\Microsoft.CmdPal.UI.Poc.csproj", "{F9582DCA-40FD-10D1-0C53-77371502B495}"
EndProject
Project("{2150E333-8FDC-42A3-9474-1A3956D46DE8}") = "extensionsdk", "extensionsdk", "{F03EE3A5-2925-EBD1-763A-98D7E514E5A4}"
EndProject
Project("{2150E333-8FDC-42A3-9474-1A3956D46DE8}") = "Exts", "Exts", "{E488D12B-96E1-EC05-1109-8880CA64C91B}"
EndProject
Project("{FAE04EC0-301F-11D3-BF4B-00C04F79EFBC}") = "Microsoft.CmdPal.Extensions.Helpers", "extensionsdk\Microsoft.CmdPal.Extensions.Helpers\Microsoft.CmdPal.Extensions.Helpers.csproj", "{4F2CE553-3FA5-B34D-C800-1A2273872A04}"
EndProject
Project("{FAE04EC0-301F-11D3-BF4B-00C04F79EFBC}") = "EverythingExtension", "Exts\EverythingExtension\EverythingExtension.csproj", "{2993EA15-E25C-F40A-257F-CCBA53BA492F}"
EndProject
Project("{FAE04EC0-301F-11D3-BF4B-00C04F79EFBC}") = "HackerNewsExtension", "Exts\HackerNewsExtension\HackerNewsExtension.csproj", "{F480DF27-4C96-8C73-064B-A286D0F3406C}"
EndProject
Project("{FAE04EC0-301F-11D3-BF4B-00C04F79EFBC}") = "MastodonExtension", "Exts\MastodonExtension\MastodonExtension.csproj", "{E2D70094-2303-E94B-7AF4-7A589B765508}"
EndProject
Project("{FAE04EC0-301F-11D3-BF4B-00C04F79EFBC}") = "MediaControlsExtension", "Exts\MediaControlsExtension\MediaControlsExtension.csproj", "{2AB77FD7-A99E-038B-EE58-B4BCDF959348}"
EndProject
Project("{FAE04EC0-301F-11D3-BF4B-00C04F79EFBC}") = "MenusExtension", "Exts\Menus\MenusExtension.csproj", "{299E06A6-0D62-7529-A164-54B7C61D6077}"
EndProject
Project("{FAE04EC0-301F-11D3-BF4B-00C04F79EFBC}") = "Microsoft.CmdPal.Ext.Apps", "Exts\Microsoft.CmdPal.Ext.Apps\Microsoft.CmdPal.Ext.Apps.csproj", "{84A30F79-0DD6-7A7F-4705-A039CC05FE99}"
EndProject
Project("{FAE04EC0-301F-11D3-BF4B-00C04F79EFBC}") = "Microsoft.CmdPal.Ext.Bookmarks", "Exts\Microsoft.CmdPal.Ext.Bookmark\Microsoft.CmdPal.Ext.Bookmarks.csproj", "{BD43ADC5-3D57-DD52-8329-A5AE8CBD8EFA}"
EndProject
Project("{FAE04EC0-301F-11D3-BF4B-00C04F79EFBC}") = "Microsoft.CmdPal.Ext.Calc", "Exts\Microsoft.CmdPal.Ext.Calc\Microsoft.CmdPal.Ext.Calc.csproj", "{5913B004-3FD7-20DC-6CFC-CBD1F0CC3B3B}"
EndProject
Project("{FAE04EC0-301F-11D3-BF4B-00C04F79EFBC}") = "Microsoft.CmdPal.Ext.Indexer", "Exts\Microsoft.CmdPal.Ext.Indexer\Microsoft.CmdPal.Ext.Indexer.csproj", "{8A0CBD72-1CD1-7594-C4C6-2E94CF12CF86}"
EndProject
Project("{FAE04EC0-301F-11D3-BF4B-00C04F79EFBC}") = "Microsoft.CmdPal.Ext.Registry", "Exts\Microsoft.CmdPal.Ext.Registry\Microsoft.CmdPal.Ext.Registry.csproj", "{3C3FAE25-3DBE-1311-2064-77B083E6331F}"
EndProject
Project("{FAE04EC0-301F-11D3-BF4B-00C04F79EFBC}") = "Microsoft.CmdPal.Ext.Shell", "Exts\Microsoft.CmdPal.Ext.Shell\Microsoft.CmdPal.Ext.Shell.csproj", "{C8C8A0BE-0CA0-D4BF-9443-9C24D7155F28}"
EndProject
Project("{FAE04EC0-301F-11D3-BF4B-00C04F79EFBC}") = "Microsoft.CmdPal.Ext.WebSearch", "Exts\Microsoft.CmdPal.Ext.WebSearch\Microsoft.CmdPal.Ext.WebSearch.csproj", "{FE694784-4010-12BA-C810-D413BF8EE5F9}"
EndProject
Project("{FAE04EC0-301F-11D3-BF4B-00C04F79EFBC}") = "Microsoft.CmdPal.Ext.WindowsServices", "Exts\Microsoft.CmdPal.Ext.WindowsServices\Microsoft.CmdPal.Ext.WindowsServices.csproj", "{6FA85D42-E6DE-8E82-0AE9-AE36DCBB1402}"
EndProject
Project("{FAE04EC0-301F-11D3-BF4B-00C04F79EFBC}") = "Microsoft.CmdPal.Ext.WindowsSettings", "Exts\Microsoft.CmdPal.Ext.WindowsSettings\Microsoft.CmdPal.Ext.WindowsSettings.csproj", "{84ECE6EC-5F7F-14A7-1825-A1B6327C578B}"
EndProject
Project("{FAE04EC0-301F-11D3-BF4B-00C04F79EFBC}") = "Microsoft.CmdPal.Ext.WindowsTerminal", "Exts\Microsoft.CmdPal.Ext.WindowsTerminal\Microsoft.CmdPal.Ext.WindowsTerminal.csproj", "{68A10C76-FCD2-3ED4-552F-608E03C0571A}"
EndProject
Project("{FAE04EC0-301F-11D3-BF4B-00C04F79EFBC}") = "Microsoft.CmdPal.Ext.WindowWalker", "Exts\Microsoft.CmdPal.Ext.WindowWalker\Microsoft.CmdPal.Ext.WindowWalker.csproj", "{EFDDE042-97B2-E6C0-32F5-CDAB43D238F6}"
EndProject
Project("{FAE04EC0-301F-11D3-BF4B-00C04F79EFBC}") = "Microsoft.CmdPal.Ext.WinGet", "Exts\Microsoft.CmdPal.Ext.WinGet\Microsoft.CmdPal.Ext.WinGet.csproj", "{4A9DAB04-AD4D-4E30-EB21-C04A795BAC5A}"
EndProject
Project("{FAE04EC0-301F-11D3-BF4B-00C04F79EFBC}") = "PokedexExtension", "Exts\PokedexExtension\PokedexExtension.csproj", "{D381C951-974C-F253-37CC-5836291A0382}"
EndProject
Project("{FAE04EC0-301F-11D3-BF4B-00C04F79EFBC}") = "ProcessMonitorExtension", "Exts\ProcessMonitorExtension\ProcessMonitorExtension.csproj", "{91156212-0AEB-6F3A-79DB-0F847F9EBAE3}"
EndProject
Project("{FAE04EC0-301F-11D3-BF4B-00C04F79EFBC}") = "SamplePagesExtension", "Exts\SamplePagesExtension\SamplePagesExtension.csproj", "{F4DE93F8-387B-CB19-548B-EBBE8CCDACB8}"
EndProject
Project("{FAE04EC0-301F-11D3-BF4B-00C04F79EFBC}") = "SpongebotExtension", "Exts\SpongebotExtension\SpongebotExtension.csproj", "{1DBB0E08-B23D-035B-01EE-860800A6F185}"
EndProject
Project("{FAE04EC0-301F-11D3-BF4B-00C04F79EFBC}") = "SSHKeychainExtension", "Exts\SSHKeychainExtension\SSHKeychainExtension.csproj", "{DD8EAA29-BD02-35E9-5ADF-399B96DC911A}"
EndProject
Project("{FAE04EC0-301F-11D3-BF4B-00C04F79EFBC}") = "TemplateExtension", "Exts\TemplateExtension\TemplateExtension.csproj", "{32EDC795-CA70-65BF-326E-2B36F06102FF}"
EndProject
Project("{FAE04EC0-301F-11D3-BF4B-00C04F79EFBC}") = "VirtualDesktopExtension", "Exts\VirtualDesktopExtension\VirtualDesktopExtension.csproj", "{4CC06A3F-974C-127C-C34B-C2F7E970124F}"
EndProject
Project("{FAE04EC0-301F-11D3-BF4B-00C04F79EFBC}") = "YouTubeExtension", "Exts\YouTubeExtension\YouTubeExtension.csproj", "{9C8FC3E6-DB95-26CA-FF05-A9D84D1A9A30}"
EndProject
Global
	GlobalSection(SolutionConfigurationPlatforms) = preSolution
		Debug|Any CPU = Debug|Any CPU
		Release|Any CPU = Release|Any CPU
	EndGlobalSection
	GlobalSection(ProjectConfigurationPlatforms) = postSolution
		{5820CD8D-0CE4-F879-4721-CC3C3DE5C3BB}.Debug|Any CPU.ActiveCfg = Debug|Any CPU
		{5820CD8D-0CE4-F879-4721-CC3C3DE5C3BB}.Debug|Any CPU.Build.0 = Debug|Any CPU
		{5820CD8D-0CE4-F879-4721-CC3C3DE5C3BB}.Release|Any CPU.ActiveCfg = Release|Any CPU
		{5820CD8D-0CE4-F879-4721-CC3C3DE5C3BB}.Release|Any CPU.Build.0 = Release|Any CPU
		{3CB20AB0-EC0B-8EBE-E0C4-720D213E617C}.Debug|Any CPU.ActiveCfg = Debug|Any CPU
		{3CB20AB0-EC0B-8EBE-E0C4-720D213E617C}.Debug|Any CPU.Build.0 = Debug|Any CPU
		{3CB20AB0-EC0B-8EBE-E0C4-720D213E617C}.Release|Any CPU.ActiveCfg = Release|Any CPU
		{3CB20AB0-EC0B-8EBE-E0C4-720D213E617C}.Release|Any CPU.Build.0 = Release|Any CPU
		{C319C8C7-A52F-3EC6-2116-A1DDD519E523}.Debug|Any CPU.ActiveCfg = Debug|Any CPU
		{C319C8C7-A52F-3EC6-2116-A1DDD519E523}.Debug|Any CPU.Build.0 = Debug|Any CPU
		{C319C8C7-A52F-3EC6-2116-A1DDD519E523}.Release|Any CPU.ActiveCfg = Release|Any CPU
		{C319C8C7-A52F-3EC6-2116-A1DDD519E523}.Release|Any CPU.Build.0 = Release|Any CPU
		{F9582DCA-40FD-10D1-0C53-77371502B495}.Debug|Any CPU.ActiveCfg = Debug|Any CPU
		{F9582DCA-40FD-10D1-0C53-77371502B495}.Debug|Any CPU.Build.0 = Debug|Any CPU
		{F9582DCA-40FD-10D1-0C53-77371502B495}.Release|Any CPU.ActiveCfg = Release|Any CPU
		{F9582DCA-40FD-10D1-0C53-77371502B495}.Release|Any CPU.Build.0 = Release|Any CPU
		{4F2CE553-3FA5-B34D-C800-1A2273872A04}.Debug|Any CPU.ActiveCfg = Debug|Any CPU
		{4F2CE553-3FA5-B34D-C800-1A2273872A04}.Debug|Any CPU.Build.0 = Debug|Any CPU
		{4F2CE553-3FA5-B34D-C800-1A2273872A04}.Release|Any CPU.ActiveCfg = Release|Any CPU
		{4F2CE553-3FA5-B34D-C800-1A2273872A04}.Release|Any CPU.Build.0 = Release|Any CPU
		{2993EA15-E25C-F40A-257F-CCBA53BA492F}.Debug|Any CPU.ActiveCfg = Debug|Any CPU
		{2993EA15-E25C-F40A-257F-CCBA53BA492F}.Debug|Any CPU.Build.0 = Debug|Any CPU
		{2993EA15-E25C-F40A-257F-CCBA53BA492F}.Release|Any CPU.ActiveCfg = Release|Any CPU
		{2993EA15-E25C-F40A-257F-CCBA53BA492F}.Release|Any CPU.Build.0 = Release|Any CPU
		{F480DF27-4C96-8C73-064B-A286D0F3406C}.Debug|Any CPU.ActiveCfg = Debug|Any CPU
		{F480DF27-4C96-8C73-064B-A286D0F3406C}.Debug|Any CPU.Build.0 = Debug|Any CPU
		{F480DF27-4C96-8C73-064B-A286D0F3406C}.Release|Any CPU.ActiveCfg = Release|Any CPU
		{F480DF27-4C96-8C73-064B-A286D0F3406C}.Release|Any CPU.Build.0 = Release|Any CPU
		{E2D70094-2303-E94B-7AF4-7A589B765508}.Debug|Any CPU.ActiveCfg = Debug|Any CPU
		{E2D70094-2303-E94B-7AF4-7A589B765508}.Debug|Any CPU.Build.0 = Debug|Any CPU
		{E2D70094-2303-E94B-7AF4-7A589B765508}.Release|Any CPU.ActiveCfg = Release|Any CPU
		{E2D70094-2303-E94B-7AF4-7A589B765508}.Release|Any CPU.Build.0 = Release|Any CPU
		{2AB77FD7-A99E-038B-EE58-B4BCDF959348}.Debug|Any CPU.ActiveCfg = Debug|Any CPU
		{2AB77FD7-A99E-038B-EE58-B4BCDF959348}.Debug|Any CPU.Build.0 = Debug|Any CPU
		{2AB77FD7-A99E-038B-EE58-B4BCDF959348}.Release|Any CPU.ActiveCfg = Release|Any CPU
		{2AB77FD7-A99E-038B-EE58-B4BCDF959348}.Release|Any CPU.Build.0 = Release|Any CPU
		{299E06A6-0D62-7529-A164-54B7C61D6077}.Debug|Any CPU.ActiveCfg = Debug|Any CPU
		{299E06A6-0D62-7529-A164-54B7C61D6077}.Debug|Any CPU.Build.0 = Debug|Any CPU
		{299E06A6-0D62-7529-A164-54B7C61D6077}.Release|Any CPU.ActiveCfg = Release|Any CPU
		{299E06A6-0D62-7529-A164-54B7C61D6077}.Release|Any CPU.Build.0 = Release|Any CPU
		{84A30F79-0DD6-7A7F-4705-A039CC05FE99}.Debug|Any CPU.ActiveCfg = Debug|Any CPU
		{84A30F79-0DD6-7A7F-4705-A039CC05FE99}.Debug|Any CPU.Build.0 = Debug|Any CPU
		{84A30F79-0DD6-7A7F-4705-A039CC05FE99}.Release|Any CPU.ActiveCfg = Release|Any CPU
		{84A30F79-0DD6-7A7F-4705-A039CC05FE99}.Release|Any CPU.Build.0 = Release|Any CPU
		{BD43ADC5-3D57-DD52-8329-A5AE8CBD8EFA}.Debug|Any CPU.ActiveCfg = Debug|Any CPU
		{BD43ADC5-3D57-DD52-8329-A5AE8CBD8EFA}.Debug|Any CPU.Build.0 = Debug|Any CPU
		{BD43ADC5-3D57-DD52-8329-A5AE8CBD8EFA}.Release|Any CPU.ActiveCfg = Release|Any CPU
		{BD43ADC5-3D57-DD52-8329-A5AE8CBD8EFA}.Release|Any CPU.Build.0 = Release|Any CPU
		{5913B004-3FD7-20DC-6CFC-CBD1F0CC3B3B}.Debug|Any CPU.ActiveCfg = Debug|Any CPU
		{5913B004-3FD7-20DC-6CFC-CBD1F0CC3B3B}.Debug|Any CPU.Build.0 = Debug|Any CPU
		{5913B004-3FD7-20DC-6CFC-CBD1F0CC3B3B}.Release|Any CPU.ActiveCfg = Release|Any CPU
		{5913B004-3FD7-20DC-6CFC-CBD1F0CC3B3B}.Release|Any CPU.Build.0 = Release|Any CPU
		{8A0CBD72-1CD1-7594-C4C6-2E94CF12CF86}.Debug|Any CPU.ActiveCfg = Debug|Any CPU
		{8A0CBD72-1CD1-7594-C4C6-2E94CF12CF86}.Debug|Any CPU.Build.0 = Debug|Any CPU
		{8A0CBD72-1CD1-7594-C4C6-2E94CF12CF86}.Release|Any CPU.ActiveCfg = Release|Any CPU
		{8A0CBD72-1CD1-7594-C4C6-2E94CF12CF86}.Release|Any CPU.Build.0 = Release|Any CPU
		{3C3FAE25-3DBE-1311-2064-77B083E6331F}.Debug|Any CPU.ActiveCfg = Debug|Any CPU
		{3C3FAE25-3DBE-1311-2064-77B083E6331F}.Debug|Any CPU.Build.0 = Debug|Any CPU
		{3C3FAE25-3DBE-1311-2064-77B083E6331F}.Release|Any CPU.ActiveCfg = Release|Any CPU
		{3C3FAE25-3DBE-1311-2064-77B083E6331F}.Release|Any CPU.Build.0 = Release|Any CPU
		{C8C8A0BE-0CA0-D4BF-9443-9C24D7155F28}.Debug|Any CPU.ActiveCfg = Debug|Any CPU
		{C8C8A0BE-0CA0-D4BF-9443-9C24D7155F28}.Debug|Any CPU.Build.0 = Debug|Any CPU
		{C8C8A0BE-0CA0-D4BF-9443-9C24D7155F28}.Release|Any CPU.ActiveCfg = Release|Any CPU
		{C8C8A0BE-0CA0-D4BF-9443-9C24D7155F28}.Release|Any CPU.Build.0 = Release|Any CPU
		{FE694784-4010-12BA-C810-D413BF8EE5F9}.Debug|Any CPU.ActiveCfg = Debug|Any CPU
		{FE694784-4010-12BA-C810-D413BF8EE5F9}.Debug|Any CPU.Build.0 = Debug|Any CPU
		{FE694784-4010-12BA-C810-D413BF8EE5F9}.Release|Any CPU.ActiveCfg = Release|Any CPU
		{FE694784-4010-12BA-C810-D413BF8EE5F9}.Release|Any CPU.Build.0 = Release|Any CPU
		{6FA85D42-E6DE-8E82-0AE9-AE36DCBB1402}.Debug|Any CPU.ActiveCfg = Debug|Any CPU
		{6FA85D42-E6DE-8E82-0AE9-AE36DCBB1402}.Debug|Any CPU.Build.0 = Debug|Any CPU
		{6FA85D42-E6DE-8E82-0AE9-AE36DCBB1402}.Release|Any CPU.ActiveCfg = Release|Any CPU
		{6FA85D42-E6DE-8E82-0AE9-AE36DCBB1402}.Release|Any CPU.Build.0 = Release|Any CPU
		{84ECE6EC-5F7F-14A7-1825-A1B6327C578B}.Debug|Any CPU.ActiveCfg = Debug|Any CPU
		{84ECE6EC-5F7F-14A7-1825-A1B6327C578B}.Debug|Any CPU.Build.0 = Debug|Any CPU
		{84ECE6EC-5F7F-14A7-1825-A1B6327C578B}.Release|Any CPU.ActiveCfg = Release|Any CPU
		{84ECE6EC-5F7F-14A7-1825-A1B6327C578B}.Release|Any CPU.Build.0 = Release|Any CPU
		{68A10C76-FCD2-3ED4-552F-608E03C0571A}.Debug|Any CPU.ActiveCfg = Debug|Any CPU
		{68A10C76-FCD2-3ED4-552F-608E03C0571A}.Debug|Any CPU.Build.0 = Debug|Any CPU
		{68A10C76-FCD2-3ED4-552F-608E03C0571A}.Release|Any CPU.ActiveCfg = Release|Any CPU
		{68A10C76-FCD2-3ED4-552F-608E03C0571A}.Release|Any CPU.Build.0 = Release|Any CPU
		{EFDDE042-97B2-E6C0-32F5-CDAB43D238F6}.Debug|Any CPU.ActiveCfg = Debug|Any CPU
		{EFDDE042-97B2-E6C0-32F5-CDAB43D238F6}.Debug|Any CPU.Build.0 = Debug|Any CPU
		{EFDDE042-97B2-E6C0-32F5-CDAB43D238F6}.Release|Any CPU.ActiveCfg = Release|Any CPU
		{EFDDE042-97B2-E6C0-32F5-CDAB43D238F6}.Release|Any CPU.Build.0 = Release|Any CPU
		{4A9DAB04-AD4D-4E30-EB21-C04A795BAC5A}.Debug|Any CPU.ActiveCfg = Debug|Any CPU
		{4A9DAB04-AD4D-4E30-EB21-C04A795BAC5A}.Debug|Any CPU.Build.0 = Debug|Any CPU
		{4A9DAB04-AD4D-4E30-EB21-C04A795BAC5A}.Release|Any CPU.ActiveCfg = Release|Any CPU
		{4A9DAB04-AD4D-4E30-EB21-C04A795BAC5A}.Release|Any CPU.Build.0 = Release|Any CPU
		{D381C951-974C-F253-37CC-5836291A0382}.Debug|Any CPU.ActiveCfg = Debug|Any CPU
		{D381C951-974C-F253-37CC-5836291A0382}.Debug|Any CPU.Build.0 = Debug|Any CPU
		{D381C951-974C-F253-37CC-5836291A0382}.Release|Any CPU.ActiveCfg = Release|Any CPU
		{D381C951-974C-F253-37CC-5836291A0382}.Release|Any CPU.Build.0 = Release|Any CPU
		{91156212-0AEB-6F3A-79DB-0F847F9EBAE3}.Debug|Any CPU.ActiveCfg = Debug|Any CPU
		{91156212-0AEB-6F3A-79DB-0F847F9EBAE3}.Debug|Any CPU.Build.0 = Debug|Any CPU
		{91156212-0AEB-6F3A-79DB-0F847F9EBAE3}.Release|Any CPU.ActiveCfg = Release|Any CPU
		{91156212-0AEB-6F3A-79DB-0F847F9EBAE3}.Release|Any CPU.Build.0 = Release|Any CPU
		{F4DE93F8-387B-CB19-548B-EBBE8CCDACB8}.Debug|Any CPU.ActiveCfg = Debug|Any CPU
		{F4DE93F8-387B-CB19-548B-EBBE8CCDACB8}.Debug|Any CPU.Build.0 = Debug|Any CPU
		{F4DE93F8-387B-CB19-548B-EBBE8CCDACB8}.Release|Any CPU.ActiveCfg = Release|Any CPU
		{F4DE93F8-387B-CB19-548B-EBBE8CCDACB8}.Release|Any CPU.Build.0 = Release|Any CPU
		{1DBB0E08-B23D-035B-01EE-860800A6F185}.Debug|Any CPU.ActiveCfg = Debug|Any CPU
		{1DBB0E08-B23D-035B-01EE-860800A6F185}.Debug|Any CPU.Build.0 = Debug|Any CPU
		{1DBB0E08-B23D-035B-01EE-860800A6F185}.Release|Any CPU.ActiveCfg = Release|Any CPU
		{1DBB0E08-B23D-035B-01EE-860800A6F185}.Release|Any CPU.Build.0 = Release|Any CPU
		{DD8EAA29-BD02-35E9-5ADF-399B96DC911A}.Debug|Any CPU.ActiveCfg = Debug|Any CPU
		{DD8EAA29-BD02-35E9-5ADF-399B96DC911A}.Debug|Any CPU.Build.0 = Debug|Any CPU
		{DD8EAA29-BD02-35E9-5ADF-399B96DC911A}.Release|Any CPU.ActiveCfg = Release|Any CPU
		{DD8EAA29-BD02-35E9-5ADF-399B96DC911A}.Release|Any CPU.Build.0 = Release|Any CPU
		{32EDC795-CA70-65BF-326E-2B36F06102FF}.Debug|Any CPU.ActiveCfg = Debug|Any CPU
		{32EDC795-CA70-65BF-326E-2B36F06102FF}.Debug|Any CPU.Build.0 = Debug|Any CPU
		{32EDC795-CA70-65BF-326E-2B36F06102FF}.Release|Any CPU.ActiveCfg = Release|Any CPU
		{32EDC795-CA70-65BF-326E-2B36F06102FF}.Release|Any CPU.Build.0 = Release|Any CPU
		{4CC06A3F-974C-127C-C34B-C2F7E970124F}.Debug|Any CPU.ActiveCfg = Debug|Any CPU
		{4CC06A3F-974C-127C-C34B-C2F7E970124F}.Debug|Any CPU.Build.0 = Debug|Any CPU
		{4CC06A3F-974C-127C-C34B-C2F7E970124F}.Release|Any CPU.ActiveCfg = Release|Any CPU
		{4CC06A3F-974C-127C-C34B-C2F7E970124F}.Release|Any CPU.Build.0 = Release|Any CPU
		{9C8FC3E6-DB95-26CA-FF05-A9D84D1A9A30}.Debug|Any CPU.ActiveCfg = Debug|Any CPU
		{9C8FC3E6-DB95-26CA-FF05-A9D84D1A9A30}.Debug|Any CPU.Build.0 = Debug|Any CPU
		{9C8FC3E6-DB95-26CA-FF05-A9D84D1A9A30}.Release|Any CPU.ActiveCfg = Release|Any CPU
		{9C8FC3E6-DB95-26CA-FF05-A9D84D1A9A30}.Release|Any CPU.Build.0 = Release|Any CPU
	EndGlobalSection
	GlobalSection(SolutionProperties) = preSolution
		HideSolutionNode = FALSE
	EndGlobalSection
	GlobalSection(NestedProjects) = preSolution
		{4F2CE553-3FA5-B34D-C800-1A2273872A04} = {F03EE3A5-2925-EBD1-763A-98D7E514E5A4}
		{2993EA15-E25C-F40A-257F-CCBA53BA492F} = {E488D12B-96E1-EC05-1109-8880CA64C91B}
		{F480DF27-4C96-8C73-064B-A286D0F3406C} = {E488D12B-96E1-EC05-1109-8880CA64C91B}
		{E2D70094-2303-E94B-7AF4-7A589B765508} = {E488D12B-96E1-EC05-1109-8880CA64C91B}
		{2AB77FD7-A99E-038B-EE58-B4BCDF959348} = {E488D12B-96E1-EC05-1109-8880CA64C91B}
		{299E06A6-0D62-7529-A164-54B7C61D6077} = {E488D12B-96E1-EC05-1109-8880CA64C91B}
		{84A30F79-0DD6-7A7F-4705-A039CC05FE99} = {E488D12B-96E1-EC05-1109-8880CA64C91B}
		{BD43ADC5-3D57-DD52-8329-A5AE8CBD8EFA} = {E488D12B-96E1-EC05-1109-8880CA64C91B}
		{5913B004-3FD7-20DC-6CFC-CBD1F0CC3B3B} = {E488D12B-96E1-EC05-1109-8880CA64C91B}
		{8A0CBD72-1CD1-7594-C4C6-2E94CF12CF86} = {E488D12B-96E1-EC05-1109-8880CA64C91B}
		{3C3FAE25-3DBE-1311-2064-77B083E6331F} = {E488D12B-96E1-EC05-1109-8880CA64C91B}
		{C8C8A0BE-0CA0-D4BF-9443-9C24D7155F28} = {E488D12B-96E1-EC05-1109-8880CA64C91B}
		{FE694784-4010-12BA-C810-D413BF8EE5F9} = {E488D12B-96E1-EC05-1109-8880CA64C91B}
		{6FA85D42-E6DE-8E82-0AE9-AE36DCBB1402} = {E488D12B-96E1-EC05-1109-8880CA64C91B}
		{84ECE6EC-5F7F-14A7-1825-A1B6327C578B} = {E488D12B-96E1-EC05-1109-8880CA64C91B}
		{68A10C76-FCD2-3ED4-552F-608E03C0571A} = {E488D12B-96E1-EC05-1109-8880CA64C91B}
		{EFDDE042-97B2-E6C0-32F5-CDAB43D238F6} = {E488D12B-96E1-EC05-1109-8880CA64C91B}
		{4A9DAB04-AD4D-4E30-EB21-C04A795BAC5A} = {E488D12B-96E1-EC05-1109-8880CA64C91B}
		{D381C951-974C-F253-37CC-5836291A0382} = {E488D12B-96E1-EC05-1109-8880CA64C91B}
		{91156212-0AEB-6F3A-79DB-0F847F9EBAE3} = {E488D12B-96E1-EC05-1109-8880CA64C91B}
		{F4DE93F8-387B-CB19-548B-EBBE8CCDACB8} = {E488D12B-96E1-EC05-1109-8880CA64C91B}
		{1DBB0E08-B23D-035B-01EE-860800A6F185} = {E488D12B-96E1-EC05-1109-8880CA64C91B}
		{DD8EAA29-BD02-35E9-5ADF-399B96DC911A} = {E488D12B-96E1-EC05-1109-8880CA64C91B}
		{32EDC795-CA70-65BF-326E-2B36F06102FF} = {E488D12B-96E1-EC05-1109-8880CA64C91B}
		{4CC06A3F-974C-127C-C34B-C2F7E970124F} = {E488D12B-96E1-EC05-1109-8880CA64C91B}
		{9C8FC3E6-DB95-26CA-FF05-A9D84D1A9A30} = {E488D12B-96E1-EC05-1109-8880CA64C91B}
	EndGlobalSection
	GlobalSection(ExtensibilityGlobals) = postSolution
		SolutionGuid = {AC9D6E3E-7F62-4BC1-BD4E-74C26BE77338}
	EndGlobalSection
EndGlobal
